
Microsoft Visual Studio Solution File, Format Version 12.00
# Visual Studio Version 16
VisualStudioVersion = 16.0.29215.179
MinimumVisualStudioVersion = 10.0.40219.1
Project("{FAE04EC0-301F-11D3-BF4B-00C04F79EFBC}") = "SeleniumFirst", "SeleniumFirst.csproj", "{4C835161-9B0B-446D-9ACB-D4FF1AF0BCD4}"
EndProject
Global
	GlobalSection(SolutionConfigurationPlatforms) = preSolution
		Debug|Any CPU = Debug|Any CPU
		Release|Any CPU = Release|Any CPU
	EndGlobalSection
	GlobalSection(ProjectConfigurationPlatforms) = postSolution
		{4C835161-9B0B-446D-9ACB-D4FF1AF0BCD4}.Debug|Any CPU.ActiveCfg = Debug|Any CPU
		{4C835161-9B0B-446D-9ACB-D4FF1AF0BCD4}.Debug|Any CPU.Build.0 = Debug|Any CPU
		{4C835161-9B0B-446D-9ACB-D4FF1AF0BCD4}.Release|Any CPU.ActiveCfg = Release|Any CPU
		{4C835161-9B0B-446D-9ACB-D4FF1AF0BCD4}.Release|Any CPU.Build.0 = Release|Any CPU
	EndGlobalSection
	GlobalSection(SolutionProperties) = preSolution
		HideSolutionNode = FALSE
	EndGlobalSection
	GlobalSection(ExtensibilityGlobals) = postSolution
		SolutionGuid = {E39846E3-D82B-496F-B684-D01C9A47DAFC}
	EndGlobalSection
EndGlobal
